
Microsoft Visual Studio Solution File, Format Version 12.00
# Visual Studio Version 16
VisualStudioVersion = 16.0.31624.102
MinimumVisualStudioVersion = 10.0.40219.1
Project("{FAE04EC0-301F-11D3-BF4B-00C04F79EFBC}") = "DevTeamProject2.Data", "DevTeamProject2.Data\DevTeamProject2.Data.csproj", "{BF3F8B42-92B0-4412-96B3-77D4B73AE742}"
EndProject
Project("{FAE04EC0-301F-11D3-BF4B-00C04F79EFBC}") = "DevTeamProject2.Repo", "DevTeamProject2.Repo\DevTeamProject2.Repo.csproj", "{D30AC57E-925C-46A6-BC85-09E58A1BD5A8}"
EndProject
Project("{FAE04EC0-301F-11D3-BF4B-00C04F79EFBC}") = "DevTeamProject.ui", "DevTeamProject.ui\DevTeamProject.ui.csproj", "{567AF7BC-2020-470B-A2E1-ED8BF802585D}"
EndProject
Global
	GlobalSection(SolutionConfigurationPlatforms) = preSolution
		Debug|Any CPU = Debug|Any CPU
		Release|Any CPU = Release|Any CPU
	EndGlobalSection
	GlobalSection(ProjectConfigurationPlatforms) = postSolution
		{BF3F8B42-92B0-4412-96B3-77D4B73AE742}.Debug|Any CPU.ActiveCfg = Debug|Any CPU
		{BF3F8B42-92B0-4412-96B3-77D4B73AE742}.Debug|Any CPU.Build.0 = Debug|Any CPU
		{BF3F8B42-92B0-4412-96B3-77D4B73AE742}.Release|Any CPU.ActiveCfg = Release|Any CPU
		{BF3F8B42-92B0-4412-96B3-77D4B73AE742}.Release|Any CPU.Build.0 = Release|Any CPU
		{D30AC57E-925C-46A6-BC85-09E58A1BD5A8}.Debug|Any CPU.ActiveCfg = Debug|Any CPU
		{D30AC57E-925C-46A6-BC85-09E58A1BD5A8}.Debug|Any CPU.Build.0 = Debug|Any CPU
		{D30AC57E-925C-46A6-BC85-09E58A1BD5A8}.Release|Any CPU.ActiveCfg = Release|Any CPU
		{D30AC57E-925C-46A6-BC85-09E58A1BD5A8}.Release|Any CPU.Build.0 = Release|Any CPU
		{567AF7BC-2020-470B-A2E1-ED8BF802585D}.Debug|Any CPU.ActiveCfg = Debug|Any CPU
		{567AF7BC-2020-470B-A2E1-ED8BF802585D}.Debug|Any CPU.Build.0 = Debug|Any CPU
		{567AF7BC-2020-470B-A2E1-ED8BF802585D}.Release|Any CPU.ActiveCfg = Release|Any CPU
		{567AF7BC-2020-470B-A2E1-ED8BF802585D}.Release|Any CPU.Build.0 = Release|Any CPU
	EndGlobalSection
	GlobalSection(SolutionProperties) = preSolution
		HideSolutionNode = FALSE
	EndGlobalSection
	GlobalSection(ExtensibilityGlobals) = postSolution
		SolutionGuid = {F4B9BE61-9007-4EDF-91A5-18B8E9EE50F0}
	EndGlobalSection
EndGlobal
